{
  "nodes": {
    "blink-compat": {
      "flake": false,
      "locked": {
        "lastModified": 1733242199,
        "narHash": "sha256-aqHDwrzPOyOw9UbJlQX10/cVQwNHg4v6i9jSm+pNKZc=",
        "owner": "saghen",
        "repo": "blink.compat",
        "rev": "78f3f7187ff4a1444e952548c556d936da8f72fc",
        "type": "github"
      },
      "original": {
        "owner": "saghen",
        "repo": "blink.compat",
        "type": "github"
      }
    },
    "nixpkgs": {
      "locked": {
        "lastModified": 1733015953,
        "narHash": "sha256-t4BBVpwG9B4hLgc6GUBuj3cjU7lP/PJfpTHuSqE+crk=",
        "owner": "NixOS",
        "repo": "nixpkgs",
        "rev": "ac35b104800bff9028425fec3b6e8a41de2bbfff",
        "type": "github"
      },
      "original": {
        "owner": "NixOS",
        "ref": "nixos-unstable",
        "repo": "nixpkgs",
        "type": "github"
      }
    },
    "root": {
      "inputs": {
        "blink-compat": "blink-compat",
        "nixpkgs": "nixpkgs",
        "systems": "systems",
        "tailwindcss-colorizer-cmp-nvim": "tailwindcss-colorizer-cmp-nvim"
      }
    },
    "systems": {
      "locked": {
        "lastModified": 1689347949,
        "narHash": "sha256-12tWmuL2zgBgZkdoB6qXZsgJEH9LR3oUgpaQq2RbI80=",
        "owner": "nix-systems",
        "repo": "default-linux",
        "rev": "31732fcf5e8fea42e59c2488ad31a0e651500f68",
        "type": "github"
      },
      "original": {
        "owner": "nix-systems",
        "repo": "default-linux",
        "type": "github"
      }
    },
    "tailwindcss-colorizer-cmp-nvim": {
      "flake": false,
      "locked": {
        "lastModified": 1711194583,
        "narHash": "sha256-PIkfJzLt001TojAnE/rdRhgVEwSvCvUJm/vNPLSWjpY=",
        "owner": "roobert",
        "repo": "tailwindcss-colorizer-cmp.nvim",
        "rev": "3d3cd95e4a4135c250faf83dd5ed61b8e5502b86",
        "type": "github"
      },
      "original": {
        "owner": "roobert",
        "repo": "tailwindcss-colorizer-cmp.nvim",
        "type": "github"
      }
    }
  },
  "root": "root",
  "version": 7
}
